
Microsoft Visual Studio Solution File, Format Version 12.00
# Visual Studio Version 17
VisualStudioVersion = 17.0.31912.275
MinimumVisualStudioVersion = 10.0.40219.1
Project("{8BC9CEB8-8B4A-11D0-8D11-00A0C91BC942}") = "RGB to ImVec4", "RGB to ImVec4\RGB to ImVec4.vcxproj", "{8840E338-380D-464D-A56F-3193269BD01F}"
EndProject
Global
	GlobalSection(SolutionConfigurationPlatforms) = preSolution
		Debug|x64 = Debug|x64
		Debug|x86 = Debug|x86
		Release|x64 = Release|x64
		Release|x86 = Release|x86
	EndGlobalSection
	GlobalSection(ProjectConfigurationPlatforms) = postSolution
		{8840E338-380D-464D-A56F-3193269BD01F}.Debug|x64.ActiveCfg = Debug|x64
		{8840E338-380D-464D-A56F-3193269BD01F}.Debug|x64.Build.0 = Debug|x64
		{8840E338-380D-464D-A56F-3193269BD01F}.Debug|x86.ActiveCfg = Debug|Win32
		{8840E338-380D-464D-A56F-3193269BD01F}.Debug|x86.Build.0 = Debug|Win32
		{8840E338-380D-464D-A56F-3193269BD01F}.Release|x64.ActiveCfg = Release|x64
		{8840E338-380D-464D-A56F-3193269BD01F}.Release|x64.Build.0 = Release|x64
		{8840E338-380D-464D-A56F-3193269BD01F}.Release|x86.ActiveCfg = Release|Win32
		{8840E338-380D-464D-A56F-3193269BD01F}.Release|x86.Build.0 = Release|Win32
	EndGlobalSection
	GlobalSection(SolutionProperties) = preSolution
		HideSolutionNode = FALSE
	EndGlobalSection
	GlobalSection(ExtensibilityGlobals) = postSolution
		SolutionGuid = {26E413FB-9D55-43F9-B91D-DF4A96526C5D}
	EndGlobalSection
EndGlobal
